// !$*UTF8*$!
{
	archiveVersion = 1;
	classes = {
	};
	objectVersion = 56;
	objects = {

/* Begin PBXBuildFile section */
		84A728C52A4B8E8D00B70013 /* AppDelegate.swift in Sources */ = {isa = PBXBuildFile; fileRef = 84A728C42A4B8E8D00B70013 /* AppDelegate.swift */; };
		84A728C72A4B8E8D00B70013 /* SceneDelegate.swift in Sources */ = {isa = PBXBuildFile; fileRef = 84A728C62A4B8E8D00B70013 /* SceneDelegate.swift */; };
		84A728C92A4B8E8D00B70013 /* ItemsViewController.swift in Sources */ = {isa = PBXBuildFile; fileRef = 84A728C82A4B8E8D00B70013 /* ItemsViewController.swift */; };
		84A728CC2A4B8E8D00B70013 /* Main.storyboard in Resources */ = {isa = PBXBuildFile; fileRef = 84A728CA2A4B8E8D00B70013 /* Main.storyboard */; };
		84A728CE2A4B8E9000B70013 /* Assets.xcassets in Resources */ = {isa = PBXBuildFile; fileRef = 84A728CD2A4B8E9000B70013 /* Assets.xcassets */; };
		84A728D12A4B8E9000B70013 /* LaunchScreen.storyboard in Resources */ = {isa = PBXBuildFile; fileRef = 84A728CF2A4B8E9000B70013 /* LaunchScreen.storyboard */; };
		84A728D92A4B948D00B70013 /* Item.swift in Sources */ = {isa = PBXBuildFile; fileRef = 84A728D82A4B948D00B70013 /* Item.swift */; };
		84A728DB2A4B9AD900B70013 /* ItemStore.swift in Sources */ = {isa = PBXBuildFile; fileRef = 84A728DA2A4B9AD900B70013 /* ItemStore.swift */; };
		84A728DF2A561B8300B70013 /* String.swift in Sources */ = {isa = PBXBuildFile; fileRef = 84A728DE2A561B8300B70013 /* String.swift */; };
		84A728E32A5794B800B70013 /* ItemsViewControllerTableDelegate.swift in Sources */ = {isa = PBXBuildFile; fileRef = 84A728E22A5794B800B70013 /* ItemsViewControllerTableDelegate.swift */; };
		84A728ED2A5C7F4C00B70013 /* ItemCell.swift in Sources */ = {isa = PBXBuildFile; fileRef = 84A728EC2A5C7F4C00B70013 /* ItemCell.swift */; };
		84A728EF2A5EFB1D00B70013 /* DetailViewController.swift in Sources */ = {isa = PBXBuildFile; fileRef = 84A728EE2A5EFB1D00B70013 /* DetailViewController.swift */; };
		84FCD34F2A707F77001EE162 /* Alamofire in Frameworks */ = {isa = PBXBuildFile; productRef = 84FCD34E2A707F77001EE162 /* Alamofire */; };
/* End PBXBuildFile section */

/* Begin PBXFileReference section */
		84A728C12A4B8E8D00B70013 /* LootLogger.app */ = {isa = PBXFileReference; explicitFileType = wrapper.application; includeInIndex = 0; path = LootLogger.app; sourceTree = BUILT_PRODUCTS_DIR; };
		84A728C42A4B8E8D00B70013 /* AppDelegate.swift */ = {isa = PBXFileReference; lastKnownFileType = sourcecode.swift; path = AppDelegate.swift; sourceTree = "<group>"; };
		84A728C62A4B8E8D00B70013 /* SceneDelegate.swift */ = {isa = PBXFileReference; lastKnownFileType = sourcecode.swift; path = SceneDelegate.swift; sourceTree = "<group>"; };
		84A728C82A4B8E8D00B70013 /* ItemsViewController.swift */ = {isa = PBXFileReference; lastKnownFileType = sourcecode.swift; path = ItemsViewController.swift; sourceTree = "<group>"; };
		84A728CB2A4B8E8D00B70013 /* Base */ = {isa = PBXFileReference; lastKnownFileType = file.storyboard; name = Base; path = Base.lproj/Main.storyboard; sourceTree = "<group>"; };
		84A728CD2A4B8E9000B70013 /* Assets.xcassets */ = {isa = PBXFileReference; lastKnownFileType = folder.assetcatalog; path = Assets.xcassets; sourceTree = "<group>"; };
		84A728D02A4B8E9000B70013 /* Base */ = {isa = PBXFileReference; lastKnownFileType = file.storyboard; name = Base; path = Base.lproj/LaunchScreen.storyboard; sourceTree = "<group>"; };
		84A728D22A4B8E9000B70013 /* Info.plist */ = {isa = PBXFileReference; lastKnownFileType = text.plist.xml; path = Info.plist; sourceTree = "<group>"; };
		84A728D82A4B948D00B70013 /* Item.swift */ = {isa = PBXFileReference; lastKnownFileType = sourcecode.swift; path = Item.swift; sourceTree = "<group>"; };
		84A728DA2A4B9AD900B70013 /* ItemStore.swift */ = {isa = PBXFileReference; lastKnownFileType = sourcecode.swift; path = ItemStore.swift; sourceTree = "<group>"; };
		84A728DE2A561B8300B70013 /* String.swift */ = {isa = PBXFileReference; lastKnownFileType = sourcecode.swift; path = String.swift; sourceTree = "<group>"; };
		84A728E22A5794B800B70013 /* ItemsViewControllerTableDelegate.swift */ = {isa = PBXFileReference; lastKnownFileType = sourcecode.swift; path = ItemsViewControllerTableDelegate.swift; sourceTree = "<group>"; };
		84A728EC2A5C7F4C00B70013 /* ItemCell.swift */ = {isa = PBXFileReference; lastKnownFileType = sourcecode.swift; path = ItemCell.swift; sourceTree = "<group>"; };
		84A728EE2A5EFB1D00B70013 /* DetailViewController.swift */ = {isa = PBXFileReference; lastKnownFileType = sourcecode.swift; path = DetailViewController.swift; sourceTree = "<group>"; };
/* End PBXFileReference section */

/* Begin PBXFrameworksBuildPhase section */
		84A728BE2A4B8E8C00B70013 /* Frameworks */ = {
			isa = PBXFrameworksBuildPhase;
			buildActionMask = 2147483647;
			files = (
				84FCD34F2A707F77001EE162 /* Alamofire in Frameworks */,
			);
			runOnlyForDeploymentPostprocessing = 0;
		};
/* End PBXFrameworksBuildPhase section */

/* Begin PBXGroup section */
		84A728B82A4B8E8C00B70013 = {
			isa = PBXGroup;
			children = (
				84A728C32A4B8E8D00B70013 /* LootLogger */,
				84A728C22A4B8E8D00B70013 /* Products */,
			);
			sourceTree = "<group>";
		};
		84A728C22A4B8E8D00B70013 /* Products */ = {
			isa = PBXGroup;
			children = (
				84A728C12A4B8E8D00B70013 /* LootLogger.app */,
			);
			name = Products;
			sourceTree = "<group>";
		};
		84A728C32A4B8E8D00B70013 /* LootLogger */ = {
			isa = PBXGroup;
			children = (
				84A728C42A4B8E8D00B70013 /* AppDelegate.swift */,
				84A728C62A4B8E8D00B70013 /* SceneDelegate.swift */,
				84A728C82A4B8E8D00B70013 /* ItemsViewController.swift */,
				84A728EE2A5EFB1D00B70013 /* DetailViewController.swift */,
				84A728E22A5794B800B70013 /* ItemsViewControllerTableDelegate.swift */,
				84A728D82A4B948D00B70013 /* Item.swift */,
				84A728EC2A5C7F4C00B70013 /* ItemCell.swift */,
				84A728DA2A4B9AD900B70013 /* ItemStore.swift */,
				84A728E62A5796E300B70013 /* Extensions */,
				84A728CA2A4B8E8D00B70013 /* Main.storyboard */,
				84A728CD2A4B8E9000B70013 /* Assets.xcassets */,
				84A728CF2A4B8E9000B70013 /* LaunchScreen.storyboard */,
				84A728D22A4B8E9000B70013 /* Info.plist */,
			);
			path = LootLogger;
			sourceTree = "<group>";
		};
		84A728E62A5796E300B70013 /* Extensions */ = {
			isa = PBXGroup;
			children = (
				84A728DE2A561B8300B70013 /* String.swift */,
			);
			path = Extensions;
			sourceTree = "<group>";
		};
/* End PBXGroup section */

/* Begin PBXNativeTarget section */
		84A728C02A4B8E8C00B70013 /* LootLogger */ = {
			isa = PBXNativeTarget;
			buildConfigurationList = 84A728D52A4B8E9000B70013 /* Build configuration list for PBXNativeTarget "LootLogger" */;
			buildPhases = (
				84A728BD2A4B8E8C00B70013 /* Sources */,
				84A728BE2A4B8E8C00B70013 /* Frameworks */,
				84A728BF2A4B8E8C00B70013 /* Resources */,
			);
			buildRules = (
			);
			dependencies = (
			);
			name = LootLogger;
			packageProductDependencies = (
				84FCD34E2A707F77001EE162 /* Alamofire */,
			);
			productName = LootLogger;
			productReference = 84A728C12A4B8E8D00B70013 /* LootLogger.app */;
			productType = "com.apple.product-type.application";
		};
/* End PBXNativeTarget section */

/* Begin PBXProject section */
		84A728B92A4B8E8C00B70013 /* Project object */ = {
			isa = PBXProject;
			attributes = {
				BuildIndependentTargetsInParallel = 1;
				LastSwiftUpdateCheck = 1430;
				LastUpgradeCheck = 1430;
				TargetAttributes = {
					84A728C02A4B8E8C00B70013 = {
						CreatedOnToolsVersion = 14.3.1;
					};
				};
			};
			buildConfigurationList = 84A728BC2A4B8E8C00B70013 /* Build configuration list for PBXProject "LootLogger" */;
			compatibilityVersion = "Xcode 14.0";
			developmentRegion = en;
			hasScannedForEncodings = 0;
			knownRegions = (
				en,
				Base,
			);
			mainGroup = 84A728B82A4B8E8C00B70013;
			packageReferences = (
				84FCD34D2A707F77001EE162 /* XCRemoteSwiftPackageReference "Alamofire" */,
			);
			productRefGroup = 84A728C22A4B8E8D00B70013 /* Products */;
			projectDirPath = "";
			projectRoot = "";
			targets = (
				84A728C02A4B8E8C00B70013 /* LootLogger */,
			);
		};
/* End PBXProject section */

/* Begin PBXResourcesBuildPhase section */
		84A728BF2A4B8E8C00B70013 /* Resources */ = {
			isa = PBXResourcesBuildPhase;
			buildActionMask = 2147483647;
			files = (
				84A728D12A4B8E9000B70013 /* LaunchScreen.storyboard in Resources */,
				84A728CE2A4B8E9000B70013 /* Assets.xcassets in Resources */,
				84A728CC2A4B8E8D00B70013 /* Main.storyboard in Resources */,
			);
			runOnlyForDeploymentPostprocessing = 0;
		};
/* End PBXResourcesBuildPhase section */

/* Begin PBXSourcesBuildPhase section */
		84A728BD2A4B8E8C00B70013 /* Sources */ = {
			isa = PBXSourcesBuildPhase;
			buildActionMask = 2147483647;
			files = (
				84A728EF2A5EFB1D00B70013 /* DetailViewController.swift in Sources */,
				84A728ED2A5C7F4C00B70013 /* ItemCell.swift in Sources */,
				84A728D92A4B948D00B70013 /* Item.swift in Sources */,
				84A728C92A4B8E8D00B70013 /* ItemsViewController.swift in Sources */,
				84A728E32A5794B800B70013 /* ItemsViewControllerTableDelegate.swift in Sources */,
				84A728C52A4B8E8D00B70013 /* AppDelegate.swift in Sources */,
				84A728DB2A4B9AD900B70013 /* ItemStore.swift in Sources */,
				84A728DF2A561B8300B70013 /* String.swift in Sources */,
				84A728C72A4B8E8D00B70013 /* SceneDelegate.swift in Sources */,
			);
			runOnlyForDeploymentPostprocessing = 0;
		};
/* End PBXSourcesBuildPhase section */

/* Begin PBXVariantGroup section */
		84A728CA2A4B8E8D00B70013 /* Main.storyboard */ = {
			isa = PBXVariantGroup;
			children = (
				84A728CB2A4B8E8D00B70013 /* Base */,
			);
			name = Main.storyboard;
			sourceTree = "<group>";
		};
		84A728CF2A4B8E9000B70013 /* LaunchScreen.storyboard */ = {
			isa = PBXVariantGroup;
			children = (
				84A728D02A4B8E9000B70013 /* Base */,
			);
			name = LaunchScreen.storyboard;
			sourceTree = "<group>";
		};
/* End PBXVariantGroup section */

/* Begin XCBuildConfiguration section */
		84A728D32A4B8E9000B70013 /* Debug */ = {
			isa = XCBuildConfiguration;
			buildSettings = {
				ALWAYS_SEARCH_USER_PATHS = NO;
				CLANG_ANALYZER_NONNULL = YES;
				CLANG_ANALYZER_NUMBER_OBJECT_CONVERSION = YES_AGGRESSIVE;
				CLANG_CXX_LANGUAGE_STANDARD = "gnu++20";
				CLANG_ENABLE_MODULES = YES;
				CLANG_ENABLE_OBJC_ARC = YES;
				CLANG_ENABLE_OBJC_WEAK = YES;
				CLANG_WARN_BLOCK_CAPTURE_AUTORELEASING = YES;
				CLANG_WARN_BOOL_CONVERSION = YES;
				CLANG_WARN_COMMA = YES;
				CLANG_WARN_CONSTANT_CONVERSION = YES;
				CLANG_WARN_DEPRECATED_OBJC_IMPLEMENTATIONS = YES;
				CLANG_WARN_DIRECT_OBJC_ISA_USAGE = YES_ERROR;
				CLANG_WARN_DOCUMENTATION_COMMENTS = YES;
				CLANG_WARN_EMPTY_BODY = YES;
				CLANG_WARN_ENUM_CONVERSION = YES;
				CLANG_WARN_INFINITE_RECURSION = YES;
				CLANG_WARN_INT_CONVERSION = YES;
				CLANG_WARN_NON_LITERAL_NULL_CONVERSION = YES;
				CLANG_WARN_OBJC_IMPLICIT_RETAIN_SELF = YES;
				CLANG_WARN_OBJC_LITERAL_CONVERSION = YES;
				CLANG_WARN_OBJC_ROOT_CLASS = YES_ERROR;
				CLANG_WARN_QUOTED_INCLUDE_IN_FRAMEWORK_HEADER = YES;
				CLANG_WARN_RANGE_LOOP_ANALYSIS = YES;
				CLANG_WARN_STRICT_PROTOTYPES = YES;
				CLANG_WARN_SUSPICIOUS_MOVE = YES;
				CLANG_WARN_UNGUARDED_AVAILABILITY = YES_AGGRESSIVE;
				CLANG_WARN_UNREACHABLE_CODE = YES;
				CLANG_WARN__DUPLICATE_METHOD_MATCH = YES;
				COPY_PHASE_STRIP = NO;
				DEBUG_INFORMATION_FORMAT = dwarf;
				ENABLE_STRICT_OBJC_MSGSEND = YES;
				ENABLE_TESTABILITY = YES;
				GCC_C_LANGUAGE_STANDARD = gnu11;
				GCC_DYNAMIC_NO_PIC = NO;
				GCC_NO_COMMON_BLOCKS = YES;
				GCC_OPTIMIZATION_LEVEL = 0;
				GCC_PREPROCESSOR_DEFINITIONS = (
					"DEBUG=1",
					"$(inherited)",
				);
				GCC_WARN_64_TO_32_BIT_CONVERSION = YES;
				GCC_WARN_ABOUT_RETURN_TYPE = YES_ERROR;
				GCC_WARN_UNDECLARED_SELECTOR = YES;
				GCC_WARN_UNINITIALIZED_AUTOS = YES_AGGRESSIVE;
				GCC_WARN_UNUSED_FUNCTION = YES;
				GCC_WARN_UNUSED_VARIABLE = YES;
				IPHONEOS_DEPLOYMENT_TARGET = 16.4;
				MTL_ENABLE_DEBUG_INFO = INCLUDE_SOURCE;
				MTL_FAST_MATH = YES;
				ONLY_ACTIVE_ARCH = YES;
				SDKROOT = iphoneos;
				SWIFT_ACTIVE_COMPILATION_CONDITIONS = DEBUG;
				SWIFT_OPTIMIZATION_LEVEL = "-Onone";
			};
			name = Debug;
		};
		84A728D42A4B8E9000B70013 /* Release */ = {
			isa = XCBuildConfiguration;
			buildSettings = {
				ALWAYS_SEARCH_USER_PATHS = NO;
				CLANG_ANALYZER_NONNULL = YES;
				CLANG_ANALYZER_NUMBER_OBJECT_CONVERSION = YES_AGGRESSIVE;
				CLANG_CXX_LANGUAGE_STANDARD = "gnu++20";
				CLANG_ENABLE_MODULES = YES;
				CLANG_ENABLE_OBJC_ARC = YES;
				CLANG_ENABLE_OBJC_WEAK = YES;
				CLANG_WARN_BLOCK_CAPTURE_AUTORELEASING = YES;
				CLANG_WARN_BOOL_CONVERSION = YES;
				CLANG_WARN_COMMA = YES;
				CLANG_WARN_CONSTANT_CONVERSION = YES;
				CLANG_WARN_DEPRECATED_OBJC_IMPLEMENTATIONS = YES;
				CLANG_WARN_DIRECT_OBJC_ISA_USAGE = YES_ERROR;
				CLANG_WARN_DOCUMENTATION_COMMENTS = YES;
				CLANG_WARN_EMPTY_BODY = YES;
				CLANG_WARN_ENUM_CONVERSION = YES;
				CLANG_WARN_INFINITE_RECURSION = YES;
				CLANG_WARN_INT_CONVERSION = YES;
				CLANG_WARN_NON_LITERAL_NULL_CONVERSION = YES;
				CLANG_WARN_OBJC_IMPLICIT_RETAIN_SELF = YES;
				CLANG_WARN_OBJC_LITERAL_CONVERSION = YES;
				CLANG_WARN_OBJC_ROOT_CLASS = YES_ERROR;
				CLANG_WARN_QUOTED_INCLUDE_IN_FRAMEWORK_HEADER = YES;
				CLANG_WARN_RANGE_LOOP_ANALYSIS = YES;
				CLANG_WARN_STRICT_PROTOTYPES = YES;
				CLANG_WARN_SUSPICIOUS_MOVE = YES;
				CLANG_WARN_UNGUARDED_AVAILABILITY = YES_AGGRESSIVE;
				CLANG_WARN_UNREACHABLE_CODE = YES;
				CLANG_WARN__DUPLICATE_METHOD_MATCH = YES;
				COPY_PHASE_STRIP = NO;
				DEBUG_INFORMATION_FORMAT = "dwarf-with-dsym";
				ENABLE_NS_ASSERTIONS = NO;
				ENABLE_STRICT_OBJC_MSGSEND = YES;
				GCC_C_LANGUAGE_STANDARD = gnu11;
				GCC_NO_COMMON_BLOCKS = YES;
				GCC_WARN_64_TO_32_BIT_CONVERSION = YES;
				GCC_WARN_ABOUT_RETURN_TYPE = YES_ERROR;
				GCC_WARN_UNDECLARED_SELECTOR = YES;
				GCC_WARN_UNINITIALIZED_AUTOS = YES_AGGRESSIVE;
				GCC_WARN_UNUSED_FUNCTION = YES;
				GCC_WARN_UNUSED_VARIABLE = YES;
				IPHONEOS_DEPLOYMENT_TARGET = 16.4;
				MTL_ENABLE_DEBUG_INFO = NO;
				MTL_FAST_MATH = YES;
				SDKROOT = iphoneos;
				SWIFT_COMPILATION_MODE = wholemodule;
				SWIFT_OPTIMIZATION_LEVEL = "-O";
				VALIDATE_PRODUCT = YES;
			};
			name = Release;
		};
		84A728D62A4B8E9000B70013 /* Debug */ = {
			isa = XCBuildConfiguration;
			buildSettings = {
				ASSETCATALOG_COMPILER_APPICON_NAME = AppIcon;
				ASSETCATALOG_COMPILER_GLOBAL_ACCENT_COLOR_NAME = AccentColor;
				CODE_SIGN_STYLE = Automatic;
				CURRENT_PROJECT_VERSION = 1;
				DEVELOPMENT_TEAM = 3VVT576UZN;
				GENERATE_INFOPLIST_FILE = YES;
				INFOPLIST_FILE = LootLogger/Info.plist;
				INFOPLIST_KEY_NSCameraUsageDescription = "This app uses the camera to associate photos with items.";
				INFOPLIST_KEY_UIApplicationSupportsIndirectInputEvents = YES;
				INFOPLIST_KEY_UILaunchStoryboardName = LaunchScreen;
				INFOPLIST_KEY_UIMainStoryboardFile = Main;
				INFOPLIST_KEY_UISupportedInterfaceOrientations_iPad = "UIInterfaceOrientationPortrait UIInterfaceOrientationPortraitUpsideDown UIInterfaceOrientationLandscapeLeft UIInterfaceOrientationLandscapeRight";
				INFOPLIST_KEY_UISupportedInterfaceOrientations_iPhone = "UIInterfaceOrientationPortrait UIInterfaceOrientationLandscapeLeft UIInterfaceOrientationLandscapeRight";
				LD_RUNPATH_SEARCH_PATHS = (
					"$(inherited)",
					"@executable_path/Frameworks",
				);
				MARKETING_VERSION = 1.0;
				PRODUCT_BUNDLE_IDENTIFIER = "Big-Nerd-Ranch.LootLogger";
				PRODUCT_NAME = "$(TARGET_NAME)";
				SWIFT_EMIT_LOC_STRINGS = YES;
				SWIFT_VERSION = 5.0;
				TARGETED_DEVICE_FAMILY = "1,2";
			};
			name = Debug;
		};
		84A728D72A4B8E9000B70013 /* Release */ = {
			isa = XCBuildConfiguration;
			buildSettings = {
				ASSETCATALOG_COMPILER_APPICON_NAME = AppIcon;
				ASSETCATALOG_COMPILER_GLOBAL_ACCENT_COLOR_NAME = AccentColor;
				CODE_SIGN_STYLE = Automatic;
				CURRENT_PROJECT_VERSION = 1;
				DEVELOPMENT_TEAM = 3VVT576UZN;
				GENERATE_INFOPLIST_FILE = YES;
				INFOPLIST_FILE = LootLogger/Info.plist;
				INFOPLIST_KEY_NSCameraUsageDescription = "This app uses the camera to associate photos with items.";
				INFOPLIST_KEY_UIApplicationSupportsIndirectInputEvents = YES;
				INFOPLIST_KEY_UILaunchStoryboardName = LaunchScreen;
				INFOPLIST_KEY_UIMainStoryboardFile = Main;
				INFOPLIST_KEY_UISupportedInterfaceOrientations_iPad = "UIInterfaceOrientationPortrait UIInterfaceOrientationPortraitUpsideDown UIInterfaceOrientationLandscapeLeft UIInterfaceOrientationLandscapeRight";
				INFOPLIST_KEY_UISupportedInterfaceOrientations_iPhone = "UIInterfaceOrientationPortrait UIInterfaceOrientationLandscapeLeft UIInterfaceOrientationLandscapeRight";
				LD_RUNPATH_SEARCH_PATHS = (
					"$(inherited)",
					"@executable_path/Frameworks",
				);
				MARKETING_VERSION = 1.0;
				PRODUCT_BUNDLE_IDENTIFIER = "Big-Nerd-Ranch.LootLogger";
				PRODUCT_NAME = "$(TARGET_NAME)";
				SWIFT_EMIT_LOC_STRINGS = YES;
				SWIFT_VERSION = 5.0;
				TARGETED_DEVICE_FAMILY = "1,2";
			};
			name = Release;
		};
/* End XCBuildConfiguration section */

/* Begin XCConfigurationList section */
		84A728BC2A4B8E8C00B70013 /* Build configuration list for PBXProject "LootLogger" */ = {
			isa = XCConfigurationList;
			buildConfigurations = (
				84A728D32A4B8E9000B70013 /* Debug */,
				84A728D42A4B8E9000B70013 /* Release */,
			);
			defaultConfigurationIsVisible = 0;
			defaultConfigurationName = Release;
		};
		84A728D52A4B8E9000B70013 /* Build configuration list for PBXNativeTarget "LootLogger" */ = {
			isa = XCConfigurationList;
			buildConfigurations = (
				84A728D62A4B8E9000B70013 /* Debug */,
				84A728D72A4B8E9000B70013 /* Release */,
			);
			defaultConfigurationIsVisible = 0;
			defaultConfigurationName = Release;
		};
/* End XCConfigurationList section */

/* Begin XCRemoteSwiftPackageReference section */
		84FCD34D2A707F77001EE162 /* XCRemoteSwiftPackageReference "Alamofire" */ = {
			isa = XCRemoteSwiftPackageReference;
			repositoryURL = "https://github.com/Alamofire/Alamofire.git";
			requirement = {
				kind = upToNextMajorVersion;
				minimumVersion = 5.0.0;
			};
		};
/* End XCRemoteSwiftPackageReference section */

/* Begin XCSwiftPackageProductDependency section */
		84FCD34E2A707F77001EE162 /* Alamofire */ = {
			isa = XCSwiftPackageProductDependency;
			package = 84FCD34D2A707F77001EE162 /* XCRemoteSwiftPackageReference "Alamofire" */;
			productName = Alamofire;
		};
/* End XCSwiftPackageProductDependency section */
	};
	rootObject = 84A728B92A4B8E8C00B70013 /* Project object */;
}
